
Microsoft Visual Studio Solution File, Format Version 12.00
# Visual Studio Version 16
VisualStudioVersion = 16.0.32106.194
MinimumVisualStudioVersion = 10.0.40219.1
Project("{FAE04EC0-301F-11D3-BF4B-00C04F79EFBC}") = "Unluco.EgitimHafta1.Api", "Unluco.EgitimHafta1.Api\Unluco.EgitimHafta1.Api.csproj", "{5D266088-D708-48B0-9BB5-E165C536EFB0}"
EndProject
Global
	GlobalSection(SolutionConfigurationPlatforms) = preSolution
		Debug|Any CPU = Debug|Any CPU
		Release|Any CPU = Release|Any CPU
	EndGlobalSection
	GlobalSection(ProjectConfigurationPlatforms) = postSolution
		{5D266088-D708-48B0-9BB5-E165C536EFB0}.Debug|Any CPU.ActiveCfg = Debug|Any CPU
		{5D266088-D708-48B0-9BB5-E165C536EFB0}.Debug|Any CPU.Build.0 = Debug|Any CPU
		{5D266088-D708-48B0-9BB5-E165C536EFB0}.Release|Any CPU.ActiveCfg = Release|Any CPU
		{5D266088-D708-48B0-9BB5-E165C536EFB0}.Release|Any CPU.Build.0 = Release|Any CPU
	EndGlobalSection
	GlobalSection(SolutionProperties) = preSolution
		HideSolutionNode = FALSE
	EndGlobalSection
	GlobalSection(ExtensibilityGlobals) = postSolution
		SolutionGuid = {5162D7B2-AD79-4DDA-ABC5-C8E4C4B0F989}
	EndGlobalSection
EndGlobal
